// !$*UTF8*$!
{
	archiveVersion = 1;
	classes = {
	};
	objectVersion = 77;
	objects = {

/* Begin PBXContainerItemProxy section */
		D6CC2F762D3F883D00440AC4 /* PBXContainerItemProxy */ = {
			isa = PBXContainerItemProxy;
			containerPortal = D6CC2F5D2D3F883B00440AC4 /* Project object */;
			proxyType = 1;
			remoteGlobalIDString = D6CC2F642D3F883B00440AC4;
			remoteInfo = SwiftUIDropDown;
		};
		D6CC2F802D3F883D00440AC4 /* PBXContainerItemProxy */ = {
			isa = PBXContainerItemProxy;
			containerPortal = D6CC2F5D2D3F883B00440AC4 /* Project object */;
			proxyType = 1;
			remoteGlobalIDString = D6CC2F642D3F883B00440AC4;
			remoteInfo = SwiftUIDropDown;
		};
/* End PBXContainerItemProxy section */

/* Begin PBXFileReference section */
		D6CC2F652D3F883B00440AC4 /* SwiftUIDropDown.app */ = {isa = PBXFileReference; explicitFileType = wrapper.application; includeInIndex = 0; path = SwiftUIDropDown.app; sourceTree = BUILT_PRODUCTS_DIR; };
		D6CC2F752D3F883D00440AC4 /* SwiftUIDropDownTests.xctest */ = {isa = PBXFileReference; explicitFileType = wrapper.cfbundle; includeInIndex = 0; path = SwiftUIDropDownTests.xctest; sourceTree = BUILT_PRODUCTS_DIR; };
		D6CC2F7F2D3F883D00440AC4 /* SwiftUIDropDownUITests.xctest */ = {isa = PBXFileReference; explicitFileType = wrapper.cfbundle; includeInIndex = 0; path = SwiftUIDropDownUITests.xctest; sourceTree = BUILT_PRODUCTS_DIR; };
/* End PBXFileReference section */

/* Begin PBXFileSystemSynchronizedRootGroup section */
		D6CC2F672D3F883B00440AC4 /* SwiftUIDropDown */ = {
			isa = PBXFileSystemSynchronizedRootGroup;
			path = SwiftUIDropDown;
			sourceTree = "<group>";
		};
		D6CC2F782D3F883D00440AC4 /* SwiftUIDropDownTests */ = {
			isa = PBXFileSystemSynchronizedRootGroup;
			path = SwiftUIDropDownTests;
			sourceTree = "<group>";
		};
		D6CC2F822D3F883D00440AC4 /* SwiftUIDropDownUITests */ = {
			isa = PBXFileSystemSynchronizedRootGroup;
			path = SwiftUIDropDownUITests;
			sourceTree = "<group>";
		};
/* End PBXFileSystemSynchronizedRootGroup section */

/* Begin PBXFrameworksBuildPhase section */
		D6CC2F622D3F883B00440AC4 /* Frameworks */ = {
			isa = PBXFrameworksBuildPhase;
			buildActionMask = 2147483647;
			files = (
			);
			runOnlyForDeploymentPostprocessing = 0;
		};
		D6CC2F722D3F883D00440AC4 /* Frameworks */ = {
			isa = PBXFrameworksBuildPhase;
			buildActionMask = 2147483647;
			files = (
			);
			runOnlyForDeploymentPostprocessing = 0;
		};
		D6CC2F7C2D3F883D00440AC4 /* Frameworks */ = {
			isa = PBXFrameworksBuildPhase;
			buildActionMask = 2147483647;
			files = (
			);
			runOnlyForDeploymentPostprocessing = 0;
		};
/* End PBXFrameworksBuildPhase section */

/* Begin PBXGroup section */
		D6CC2F5C2D3F883B00440AC4 = {
			isa = PBXGroup;
			children = (
				D6CC2F672D3F883B00440AC4 /* SwiftUIDropDown */,
				D6CC2F782D3F883D00440AC4 /* SwiftUIDropDownTests */,
				D6CC2F822D3F883D00440AC4 /* SwiftUIDropDownUITests */,
				D6CC2F662D3F883B00440AC4 /* Products */,
			);
			sourceTree = "<group>";
		};
		D6CC2F662D3F883B00440AC4 /* Products */ = {
			isa = PBXGroup;
			children = (
				D6CC2F652D3F883B00440AC4 /* SwiftUIDropDown.app */,
				D6CC2F752D3F883D00440AC4 /* SwiftUIDropDownTests.xctest */,
				D6CC2F7F2D3F883D00440AC4 /* SwiftUIDropDownUITests.xctest */,
			);
			name = Products;
			sourceTree = "<group>";
		};
/* End PBXGroup section */

/* Begin PBXNativeTarget section */
		D6CC2F642D3F883B00440AC4 /* SwiftUIDropDown */ = {
			isa = PBXNativeTarget;
			buildConfigurationList = D6CC2F892D3F883D00440AC4 /* Build configuration list for PBXNativeTarget "SwiftUIDropDown" */;
			buildPhases = (
				D6CC2F612D3F883B00440AC4 /* Sources */,
				D6CC2F622D3F883B00440AC4 /* Frameworks */,
				D6CC2F632D3F883B00440AC4 /* Resources */,
			);
			buildRules = (
			);
			dependencies = (
			);
			fileSystemSynchronizedGroups = (
				D6CC2F672D3F883B00440AC4 /* SwiftUIDropDown */,
			);
			name = SwiftUIDropDown;
			packageProductDependencies = (
			);
			productName = SwiftUIDropDown;
			productReference = D6CC2F652D3F883B00440AC4 /* SwiftUIDropDown.app */;
			productType = "com.apple.product-type.application";
		};
		D6CC2F742D3F883D00440AC4 /* SwiftUIDropDownTests */ = {
			isa = PBXNativeTarget;
			buildConfigurationList = D6CC2F8C2D3F883D00440AC4 /* Build configuration list for PBXNativeTarget "SwiftUIDropDownTests" */;
			buildPhases = (
				D6CC2F712D3F883D00440AC4 /* Sources */,
				D6CC2F722D3F883D00440AC4 /* Frameworks */,
				D6CC2F732D3F883D00440AC4 /* Resources */,
			);
			buildRules = (
			);
			dependencies = (
				D6CC2F772D3F883D00440AC4 /* PBXTargetDependency */,
			);
			fileSystemSynchronizedGroups = (
				D6CC2F782D3F883D00440AC4 /* SwiftUIDropDownTests */,
			);
			name = SwiftUIDropDownTests;
			packageProductDependencies = (
			);
			productName = SwiftUIDropDownTests;
			productReference = D6CC2F752D3F883D00440AC4 /* SwiftUIDropDownTests.xctest */;
			productType = "com.apple.product-type.bundle.unit-test";
		};
		D6CC2F7E2D3F883D00440AC4 /* SwiftUIDropDownUITests */ = {
			isa = PBXNativeTarget;
			buildConfigurationList = D6CC2F8F2D3F883D00440AC4 /* Build configuration list for PBXNativeTarget "SwiftUIDropDownUITests" */;
			buildPhases = (
				D6CC2F7B2D3F883D00440AC4 /* Sources */,
				D6CC2F7C2D3F883D00440AC4 /* Frameworks */,
				D6CC2F7D2D3F883D00440AC4 /* Resources */,
			);
			buildRules = (
			);
			dependencies = (
				D6CC2F812D3F883D00440AC4 /* PBXTargetDependency */,
			);
			fileSystemSynchronizedGroups = (
				D6CC2F822D3F883D00440AC4 /* SwiftUIDropDownUITests */,
			);
			name = SwiftUIDropDownUITests;
			packageProductDependencies = (
			);
			productName = SwiftUIDropDownUITests;
			productReference = D6CC2F7F2D3F883D00440AC4 /* SwiftUIDropDownUITests.xctest */;
			productType = "com.apple.product-type.bundle.ui-testing";
		};
/* End PBXNativeTarget section */

/* Begin PBXProject section */
		D6CC2F5D2D3F883B00440AC4 /* Project object */ = {
			isa = PBXProject;
			attributes = {
				BuildIndependentTargetsInParallel = 1;
				LastSwiftUpdateCheck = 1620;
				LastUpgradeCheck = 1620;
				TargetAttributes = {
					D6CC2F642D3F883B00440AC4 = {
						CreatedOnToolsVersion = 16.2;
					};
					D6CC2F742D3F883D00440AC4 = {
						CreatedOnToolsVersion = 16.2;
						TestTargetID = D6CC2F642D3F883B00440AC4;
					};
					D6CC2F7E2D3F883D00440AC4 = {
						CreatedOnToolsVersion = 16.2;
						TestTargetID = D6CC2F642D3F883B00440AC4;
					};
				};
			};
			buildConfigurationList = D6CC2F602D3F883B00440AC4 /* Build configuration list for PBXProject "SwiftUIDropDown" */;
			developmentRegion = en;
			hasScannedForEncodings = 0;
			knownRegions = (
				en,
				Base,
			);
			mainGroup = D6CC2F5C2D3F883B00440AC4;
			minimizedProjectReferenceProxies = 1;
			preferredProjectObjectVersion = 77;
			productRefGroup = D6CC2F662D3F883B00440AC4 /* Products */;
			projectDirPath = "";
			projectRoot = "";
			targets = (
				D6CC2F642D3F883B00440AC4 /* SwiftUIDropDown */,
				D6CC2F742D3F883D00440AC4 /* SwiftUIDropDownTests */,
				D6CC2F7E2D3F883D00440AC4 /* SwiftUIDropDownUITests */,
			);
		};
/* End PBXProject section */

/* Begin PBXResourcesBuildPhase section */
		D6CC2F632D3F883B00440AC4 /* Resources */ = {
			isa = PBXResourcesBuildPhase;
			buildActionMask = 2147483647;
			files = (
			);
			runOnlyForDeploymentPostprocessing = 0;
		};
		D6CC2F732D3F883D00440AC4 /* Resources */ = {
			isa = PBXResourcesBuildPhase;
			buildActionMask = 2147483647;
			files = (
			);
			runOnlyForDeploymentPostprocessing = 0;
		};
		D6CC2F7D2D3F883D00440AC4 /* Resources */ = {
			isa = PBXResourcesBuildPhase;
			buildActionMask = 2147483647;
			files = (
			);
			runOnlyForDeploymentPostprocessing = 0;
		};
/* End PBXResourcesBuildPhase section */

/* Begin PBXSourcesBuildPhase section */
		D6CC2F612D3F883B00440AC4 /* Sources */ = {
			isa = PBXSourcesBuildPhase;
			buildActionMask = 2147483647;
			files = (
			);
			runOnlyForDeploymentPostprocessing = 0;
		};
		D6CC2F712D3F883D00440AC4 /* Sources */ = {
			isa = PBXSourcesBuildPhase;
			buildActionMask = 2147483647;
			files = (
			);
			runOnlyForDeploymentPostprocessing = 0;
		};
		D6CC2F7B2D3F883D00440AC4 /* Sources */ = {
			isa = PBXSourcesBuildPhase;
			buildActionMask = 2147483647;
			files = (
			);
			runOnlyForDeploymentPostprocessing = 0;
		};
/* End PBXSourcesBuildPhase section */

/* Begin PBXTargetDependency section */
		D6CC2F772D3F883D00440AC4 /* PBXTargetDependency */ = {
			isa = PBXTargetDependency;
			target = D6CC2F642D3F883B00440AC4 /* SwiftUIDropDown */;
			targetProxy = D6CC2F762D3F883D00440AC4 /* PBXContainerItemProxy */;
		};
		D6CC2F812D3F883D00440AC4 /* PBXTargetDependency */ = {
			isa = PBXTargetDependency;
			target = D6CC2F642D3F883B00440AC4 /* SwiftUIDropDown */;
			targetProxy = D6CC2F802D3F883D00440AC4 /* PBXContainerItemProxy */;
		};
/* End PBXTargetDependency section */

/* Begin XCBuildConfiguration section */
		D6CC2F872D3F883D00440AC4 /* Debug */ = {
			isa = XCBuildConfiguration;
			buildSettings = {
				ALWAYS_SEARCH_USER_PATHS = NO;
				ASSETCATALOG_COMPILER_GENERATE_SWIFT_ASSET_SYMBOL_EXTENSIONS = YES;
				CLANG_ANALYZER_NONNULL = YES;
				CLANG_ANALYZER_NUMBER_OBJECT_CONVERSION = YES_AGGRESSIVE;
				CLANG_CXX_LANGUAGE_STANDARD = "gnu++20";
				CLANG_ENABLE_MODULES = YES;
				CLANG_ENABLE_OBJC_ARC = YES;
				CLANG_ENABLE_OBJC_WEAK = YES;
				CLANG_WARN_BLOCK_CAPTURE_AUTORELEASING = YES;
				CLANG_WARN_BOOL_CONVERSION = YES;
				CLANG_WARN_COMMA = YES;
				CLANG_WARN_CONSTANT_CONVERSION = YES;
				CLANG_WARN_DEPRECATED_OBJC_IMPLEMENTATIONS = YES;
				CLANG_WARN_DIRECT_OBJC_ISA_USAGE = YES_ERROR;
				CLANG_WARN_DOCUMENTATION_COMMENTS = YES;
				CLANG_WARN_EMPTY_BODY = YES;
				CLANG_WARN_ENUM_CONVERSION = YES;
				CLANG_WARN_INFINITE_RECURSION = YES;
				CLANG_WARN_INT_CONVERSION = YES;
				CLANG_WARN_NON_LITERAL_NULL_CONVERSION = YES;
				CLANG_WARN_OBJC_IMPLICIT_RETAIN_SELF = YES;
				CLANG_WARN_OBJC_LITERAL_CONVERSION = YES;
				CLANG_WARN_OBJC_ROOT_CLASS = YES_ERROR;
				CLANG_WARN_QUOTED_INCLUDE_IN_FRAMEWORK_HEADER = YES;
				CLANG_WARN_RANGE_LOOP_ANALYSIS = YES;
				CLANG_WARN_STRICT_PROTOTYPES = YES;
				CLANG_WARN_SUSPICIOUS_MOVE = YES;
				CLANG_WARN_UNGUARDED_AVAILABILITY = YES_AGGRESSIVE;
				CLANG_WARN_UNREACHABLE_CODE = YES;
				CLANG_WARN__DUPLICATE_METHOD_MATCH = YES;
				COPY_PHASE_STRIP = NO;
				DEBUG_INFORMATION_FORMAT = dwarf;
				ENABLE_STRICT_OBJC_MSGSEND = YES;
				ENABLE_TESTABILITY = YES;
				ENABLE_USER_SCRIPT_SANDBOXING = YES;
				GCC_C_LANGUAGE_STANDARD = gnu17;
				GCC_DYNAMIC_NO_PIC = NO;
				GCC_NO_COMMON_BLOCKS = YES;
				GCC_OPTIMIZATION_LEVEL = 0;
				GCC_PREPROCESSOR_DEFINITIONS = (
					"DEBUG=1",
					"$(inherited)",
				);
				GCC_WARN_64_TO_32_BIT_CONVERSION = YES;
				GCC_WARN_ABOUT_RETURN_TYPE = YES_ERROR;
				GCC_WARN_UNDECLARED_SELECTOR = YES;
				GCC_WARN_UNINITIALIZED_AUTOS = YES_AGGRESSIVE;
				GCC_WARN_UNUSED_FUNCTION = YES;
				GCC_WARN_UNUSED_VARIABLE = YES;
				IPHONEOS_DEPLOYMENT_TARGET = 18.2;
				LOCALIZATION_PREFERS_STRING_CATALOGS = YES;
				MTL_ENABLE_DEBUG_INFO = INCLUDE_SOURCE;
				MTL_FAST_MATH = YES;
				ONLY_ACTIVE_ARCH = YES;
				SDKROOT = iphoneos;
				SWIFT_ACTIVE_COMPILATION_CONDITIONS = "DEBUG $(inherited)";
				SWIFT_OPTIMIZATION_LEVEL = "-Onone";
			};
			name = Debug;
		};
		D6CC2F882D3F883D00440AC4 /* Release */ = {
			isa = XCBuildConfiguration;
			buildSettings = {
				ALWAYS_SEARCH_USER_PATHS = NO;
				ASSETCATALOG_COMPILER_GENERATE_SWIFT_ASSET_SYMBOL_EXTENSIONS = YES;
				CLANG_ANALYZER_NONNULL = YES;
				CLANG_ANALYZER_NUMBER_OBJECT_CONVERSION = YES_AGGRESSIVE;
				CLANG_CXX_LANGUAGE_STANDARD = "gnu++20";
				CLANG_ENABLE_MODULES = YES;
				CLANG_ENABLE_OBJC_ARC = YES;
				CLANG_ENABLE_OBJC_WEAK = YES;
				CLANG_WARN_BLOCK_CAPTURE_AUTORELEASING = YES;
				CLANG_WARN_BOOL_CONVERSION = YES;
				CLANG_WARN_COMMA = YES;
				CLANG_WARN_CONSTANT_CONVERSION = YES;
				CLANG_WARN_DEPRECATED_OBJC_IMPLEMENTATIONS = YES;
				CLANG_WARN_DIRECT_OBJC_ISA_USAGE = YES_ERROR;
				CLANG_WARN_DOCUMENTATION_COMMENTS = YES;
				CLANG_WARN_EMPTY_BODY = YES;
				CLANG_WARN_ENUM_CONVERSION = YES;
				CLANG_WARN_INFINITE_RECURSION = YES;
				CLANG_WARN_INT_CONVERSION = YES;
				CLANG_WARN_NON_LITERAL_NULL_CONVERSION = YES;
				CLANG_WARN_OBJC_IMPLICIT_RETAIN_SELF = YES;
				CLANG_WARN_OBJC_LITERAL_CONVERSION = YES;
				CLANG_WARN_OBJC_ROOT_CLASS = YES_ERROR;
				CLANG_WARN_QUOTED_INCLUDE_IN_FRAMEWORK_HEADER = YES;
				CLANG_WARN_RANGE_LOOP_ANALYSIS = YES;
				CLANG_WARN_STRICT_PROTOTYPES = YES;
				CLANG_WARN_SUSPICIOUS_MOVE = YES;
				CLANG_WARN_UNGUARDED_AVAILABILITY = YES_AGGRESSIVE;
				CLANG_WARN_UNREACHABLE_CODE = YES;
				CLANG_WARN__DUPLICATE_METHOD_MATCH = YES;
				COPY_PHASE_STRIP = NO;
				DEBUG_INFORMATION_FORMAT = "dwarf-with-dsym";
				ENABLE_NS_ASSERTIONS = NO;
				ENABLE_STRICT_OBJC_MSGSEND = YES;
				ENABLE_USER_SCRIPT_SANDBOXING = YES;
				GCC_C_LANGUAGE_STANDARD = gnu17;
				GCC_NO_COMMON_BLOCKS = YES;
				GCC_WARN_64_TO_32_BIT_CONVERSION = YES;
				GCC_WARN_ABOUT_RETURN_TYPE = YES_ERROR;
				GCC_WARN_UNDECLARED_SELECTOR = YES;
				GCC_WARN_UNINITIALIZED_AUTOS = YES_AGGRESSIVE;
				GCC_WARN_UNUSED_FUNCTION = YES;
				GCC_WARN_UNUSED_VARIABLE = YES;
				IPHONEOS_DEPLOYMENT_TARGET = 18.2;
				LOCALIZATION_PREFERS_STRING_CATALOGS = YES;
				MTL_ENABLE_DEBUG_INFO = NO;
				MTL_FAST_MATH = YES;
				SDKROOT = iphoneos;
				SWIFT_COMPILATION_MODE = wholemodule;
				VALIDATE_PRODUCT = YES;
			};
			name = Release;
		};
		D6CC2F8A2D3F883D00440AC4 /* Debug */ = {
			isa = XCBuildConfiguration;
			buildSettings = {
				ASSETCATALOG_COMPILER_APPICON_NAME = AppIcon;
				ASSETCATALOG_COMPILER_GLOBAL_ACCENT_COLOR_NAME = AccentColor;
				CODE_SIGN_STYLE = Automatic;
				CURRENT_PROJECT_VERSION = 1;
				DEVELOPMENT_ASSET_PATHS = "\"SwiftUIDropDown/Preview Content\"";
				DEVELOPMENT_TEAM = K6LJCT8RAA;
				ENABLE_PREVIEWS = YES;
				GENERATE_INFOPLIST_FILE = YES;
				INFOPLIST_KEY_UIApplicationSceneManifest_Generation = YES;
				INFOPLIST_KEY_UIApplicationSupportsIndirectInputEvents = YES;
				INFOPLIST_KEY_UILaunchScreen_Generation = YES;
				INFOPLIST_KEY_UILaunchStoryboardName = LaunchScreen;
				INFOPLIST_KEY_UISupportedInterfaceOrientations_iPad = "UIInterfaceOrientationPortrait UIInterfaceOrientationPortraitUpsideDown UIInterfaceOrientationLandscapeLeft UIInterfaceOrientationLandscapeRight";
				INFOPLIST_KEY_UISupportedInterfaceOrientations_iPhone = "UIInterfaceOrientationPortrait UIInterfaceOrientationLandscapeLeft UIInterfaceOrientationLandscapeRight";
				LD_RUNPATH_SEARCH_PATHS = (
					"$(inherited)",
					"@executable_path/Frameworks",
				);
				MARKETING_VERSION = 1.0;
				PRODUCT_BUNDLE_IDENTIFIER = com.template.SwiftUIDropDown;
				PRODUCT_NAME = "$(TARGET_NAME)";
				SWIFT_EMIT_LOC_STRINGS = YES;
				SWIFT_VERSION = 5.0;
				TARGETED_DEVICE_FAMILY = "1,2";
			};
			name = Debug;
		};
		D6CC2F8B2D3F883D00440AC4 /* Release */ = {
			isa = XCBuildConfiguration;
			buildSettings = {
				ASSETCATALOG_COMPILER_APPICON_NAME = AppIcon;
				ASSETCATALOG_COMPILER_GLOBAL_ACCENT_COLOR_NAME = AccentColor;
				CODE_SIGN_STYLE = Automatic;
				CURRENT_PROJECT_VERSION = 1;
				DEVELOPMENT_ASSET_PATHS = "\"SwiftUIDropDown/Preview Content\"";
				DEVELOPMENT_TEAM = K6LJCT8RAA;
				ENABLE_PREVIEWS = YES;
				GENERATE_INFOPLIST_FILE = YES;
				INFOPLIST_KEY_UIApplicationSceneManifest_Generation = YES;
				INFOPLIST_KEY_UIApplicationSupportsIndirectInputEvents = YES;
				INFOPLIST_KEY_UILaunchScreen_Generation = YES;
				INFOPLIST_KEY_UILaunchStoryboardName = LaunchScreen;
				INFOPLIST_KEY_UISupportedInterfaceOrientations_iPad = "UIInterfaceOrientationPortrait UIInterfaceOrientationPortraitUpsideDown UIInterfaceOrientationLandscapeLeft UIInterfaceOrientationLandscapeRight";
				INFOPLIST_KEY_UISupportedInterfaceOrientations_iPhone = "UIInterfaceOrientationPortrait UIInterfaceOrientationLandscapeLeft UIInterfaceOrientationLandscapeRight";
				LD_RUNPATH_SEARCH_PATHS = (
					"$(inherited)",
					"@executable_path/Frameworks",
				);
				MARKETING_VERSION = 1.0;
				PRODUCT_BUNDLE_IDENTIFIER = com.template.SwiftUIDropDown;
				PRODUCT_NAME = "$(TARGET_NAME)";
				SWIFT_EMIT_LOC_STRINGS = YES;
				SWIFT_VERSION = 5.0;
				TARGETED_DEVICE_FAMILY = "1,2";
			};
			name = Release;
		};
		D6CC2F8D2D3F883D00440AC4 /* Debug */ = {
			isa = XCBuildConfiguration;
			buildSettings = {
				BUNDLE_LOADER = "$(TEST_HOST)";
				CODE_SIGN_STYLE = Automatic;
				CURRENT_PROJECT_VERSION = 1;
				DEVELOPMENT_TEAM = K6LJCT8RAA;
				GENERATE_INFOPLIST_FILE = YES;
				IPHONEOS_DEPLOYMENT_TARGET = 18.2;
				MARKETING_VERSION = 1.0;
				PRODUCT_BUNDLE_IDENTIFIER = com.template.SwiftUIDropDownTests;
				PRODUCT_NAME = "$(TARGET_NAME)";
				SWIFT_EMIT_LOC_STRINGS = NO;
				SWIFT_VERSION = 5.0;
				TARGETED_DEVICE_FAMILY = "1,2";
				TEST_HOST = "$(BUILT_PRODUCTS_DIR)/SwiftUIDropDown.app/$(BUNDLE_EXECUTABLE_FOLDER_PATH)/SwiftUIDropDown";
			};
			name = Debug;
		};
		D6CC2F8E2D3F883D00440AC4 /* Release */ = {
			isa = XCBuildConfiguration;
			buildSettings = {
				BUNDLE_LOADER = "$(TEST_HOST)";
				CODE_SIGN_STYLE = Automatic;
				CURRENT_PROJECT_VERSION = 1;
				DEVELOPMENT_TEAM = K6LJCT8RAA;
				GENERATE_INFOPLIST_FILE = YES;
				IPHONEOS_DEPLOYMENT_TARGET = 18.2;
				MARKETING_VERSION = 1.0;
				PRODUCT_BUNDLE_IDENTIFIER = com.template.SwiftUIDropDownTests;
				PRODUCT_NAME = "$(TARGET_NAME)";
				SWIFT_EMIT_LOC_STRINGS = NO;
				SWIFT_VERSION = 5.0;
				TARGETED_DEVICE_FAMILY = "1,2";
				TEST_HOST = "$(BUILT_PRODUCTS_DIR)/SwiftUIDropDown.app/$(BUNDLE_EXECUTABLE_FOLDER_PATH)/SwiftUIDropDown";
			};
			name = Release;
		};
		D6CC2F902D3F883D00440AC4 /* Debug */ = {
			isa = XCBuildConfiguration;
			buildSettings = {
				CODE_SIGN_STYLE = Automatic;
				CURRENT_PROJECT_VERSION = 1;
				DEVELOPMENT_TEAM = K6LJCT8RAA;
				GENERATE_INFOPLIST_FILE = YES;
				MARKETING_VERSION = 1.0;
				PRODUCT_BUNDLE_IDENTIFIER = com.template.SwiftUIDropDownUITests;
				PRODUCT_NAME = "$(TARGET_NAME)";
				SWIFT_EMIT_LOC_STRINGS = NO;
				SWIFT_VERSION = 5.0;
				TARGETED_DEVICE_FAMILY = "1,2";
				TEST_TARGET_NAME = SwiftUIDropDown;
			};
			name = Debug;
		};
		D6CC2F912D3F883D00440AC4 /* Release */ = {
			isa = XCBuildConfiguration;
			buildSettings = {
				CODE_SIGN_STYLE = Automatic;
				CURRENT_PROJECT_VERSION = 1;
				DEVELOPMENT_TEAM = K6LJCT8RAA;
				GENERATE_INFOPLIST_FILE = YES;
				MARKETING_VERSION = 1.0;
				PRODUCT_BUNDLE_IDENTIFIER = com.template.SwiftUIDropDownUITests;
				PRODUCT_NAME = "$(TARGET_NAME)";
				SWIFT_EMIT_LOC_STRINGS = NO;
				SWIFT_VERSION = 5.0;
				TARGETED_DEVICE_FAMILY = "1,2";
				TEST_TARGET_NAME = SwiftUIDropDown;
			};
			name = Release;
		};
/* End XCBuildConfiguration section */

/* Begin XCConfigurationList section */
		D6CC2F602D3F883B00440AC4 /* Build configuration list for PBXProject "SwiftUIDropDown" */ = {
			isa = XCConfigurationList;
			buildConfigurations = (
				D6CC2F872D3F883D00440AC4 /* Debug */,
				D6CC2F882D3F883D00440AC4 /* Release */,
			);
			defaultConfigurationIsVisible = 0;
			defaultConfigurationName = Release;
		};
		D6CC2F892D3F883D00440AC4 /* Build configuration list for PBXNativeTarget "SwiftUIDropDown" */ = {
			isa = XCConfigurationList;
			buildConfigurations = (
				D6CC2F8A2D3F883D00440AC4 /* Debug */,
				D6CC2F8B2D3F883D00440AC4 /* Release */,
			);
			defaultConfigurationIsVisible = 0;
			defaultConfigurationName = Release;
		};
		D6CC2F8C2D3F883D00440AC4 /* Build configuration list for PBXNativeTarget "SwiftUIDropDownTests" */ = {
			isa = XCConfigurationList;
			buildConfigurations = (
				D6CC2F8D2D3F883D00440AC4 /* Debug */,
				D6CC2F8E2D3F883D00440AC4 /* Release */,
			);
			defaultConfigurationIsVisible = 0;
			defaultConfigurationName = Release;
		};
		D6CC2F8F2D3F883D00440AC4 /* Build configuration list for PBXNativeTarget "SwiftUIDropDownUITests" */ = {
			isa = XCConfigurationList;
			buildConfigurations = (
				D6CC2F902D3F883D00440AC4 /* Debug */,
				D6CC2F912D3F883D00440AC4 /* Release */,
			);
			defaultConfigurationIsVisible = 0;
			defaultConfigurationName = Release;
		};
/* End XCConfigurationList section */
	};
	rootObject = D6CC2F5D2D3F883B00440AC4 /* Project object */;
}
